PODS:
  - extension_data (0.0.1):
    - Flutter
  - Flutter (1.0.0)

DEPENDENCIES:
  - extension_data (from `.symlinks/plugins/extension_data/ios`)
  - Flutter (from `Flutter`)

EXTERNAL SOURCES:
  extension_data:
    :path: ".symlinks/plugins/extension_data/ios"
  Flutter:
    :path: Flutter

SPEC CHECKSUMS:
  extension_data: 8c935a988a06767a23d192b2b412cb152d7ffccf
  Flutter: 0e3d915762c693b495b44d77113d4970485de6ec

PODFILE CHECKSUM: c34e2287a9ccaa606aeceab922830efb9a6ff69a

COCOAPODS: 1.9.1
